
Microsoft Visual Studio Solution File, Format Version 12.00
# Visual Studio Version 17
VisualStudioVersion = 17.5.002.0
MinimumVisualStudioVersion = 10.0.40219.1
Project("{2150E333-8FDC-42A3-9474-1A3956D46DE8}") = "apps", "apps", "{AB16FF10-C7B6-4B06-BA4E-3EE6361F3B7B}"
EndProject
Project("{9A19103F-16F7-4668-BE54-9A1E7A4F7556}") = "AngularDotnetDemo.Backend.Test", "apps\backend.Test\AngularDotnetDemo.Backend.Test.csproj", "{B1E999B0-06B0-499B-9176-BA0247C44B43}"
EndProject
Project("{9A19103F-16F7-4668-BE54-9A1E7A4F7556}") = "AngularDotnetDemo.Backend", "apps\backend\AngularDotnetDemo.Backend.csproj", "{2E8D52C1-4416-47F7-9099-57D2F3066340}"
EndProject
Global
	GlobalSection(SolutionConfigurationPlatforms) = preSolution
		Debug|Any CPU = Debug|Any CPU
		Release|Any CPU = Release|Any CPU
	EndGlobalSection
	GlobalSection(ProjectConfigurationPlatforms) = postSolution
		{B1E999B0-06B0-499B-9176-BA0247C44B43}.Debug|Any CPU.ActiveCfg = Debug|Any CPU
		{B1E999B0-06B0-499B-9176-BA0247C44B43}.Debug|Any CPU.Build.0 = Debug|Any CPU
		{B1E999B0-06B0-499B-9176-BA0247C44B43}.Release|Any CPU.ActiveCfg = Release|Any CPU
		{B1E999B0-06B0-499B-9176-BA0247C44B43}.Release|Any CPU.Build.0 = Release|Any CPU
		{2E8D52C1-4416-47F7-9099-57D2F3066340}.Debug|Any CPU.ActiveCfg = Debug|Any CPU
		{2E8D52C1-4416-47F7-9099-57D2F3066340}.Debug|Any CPU.Build.0 = Debug|Any CPU
		{2E8D52C1-4416-47F7-9099-57D2F3066340}.Release|Any CPU.ActiveCfg = Release|Any CPU
		{2E8D52C1-4416-47F7-9099-57D2F3066340}.Release|Any CPU.Build.0 = Release|Any CPU
	EndGlobalSection
	GlobalSection(SolutionProperties) = preSolution
		HideSolutionNode = FALSE
	EndGlobalSection
	GlobalSection(NestedProjects) = preSolution
		{B1E999B0-06B0-499B-9176-BA0247C44B43} = {AB16FF10-C7B6-4B06-BA4E-3EE6361F3B7B}
		{2E8D52C1-4416-47F7-9099-57D2F3066340} = {AB16FF10-C7B6-4B06-BA4E-3EE6361F3B7B}
	EndGlobalSection
	GlobalSection(ExtensibilityGlobals) = postSolution
		SolutionGuid = {4F8F832D-7302-409E-A3D7-322E715E4545}
	EndGlobalSection
EndGlobal
